
Microsoft Visual Studio Solution File, Format Version 12.00
# Visual Studio 15
VisualStudioVersion = 15.0.26403.7
MinimumVisualStudioVersion = 10.0.40219.1
Project("{FAE04EC0-301F-11D3-BF4B-00C04F79EFBC}") = "StackExchange.Redis.Expressions", "StackExchange.Redis.Expressions\StackExchange.Redis.Expressions.csproj", "{2DE0BF56-0736-48FD-94D2-893FD2183F81}"
EndProject
Project("{FAE04EC0-301F-11D3-BF4B-00C04F79EFBC}") = "StackExchange.Redis.Expressions.UnitTest", "StackExchange.Redis.Expressions.UnitTest\StackExchange.Redis.Expressions.UnitTest.csproj", "{F1EF77A8-4F0F-4BD8-AD7B-634D80EDDDDA}"
EndProject
Global
	GlobalSection(SolutionConfigurationPlatforms) = preSolution
		Debug|Any CPU = Debug|Any CPU
		Release|Any CPU = Release|Any CPU
	EndGlobalSection
	GlobalSection(ProjectConfigurationPlatforms) = postSolution
		{2DE0BF56-0736-48FD-94D2-893FD2183F81}.Debug|Any CPU.ActiveCfg = Debug|Any CPU
		{2DE0BF56-0736-48FD-94D2-893FD2183F81}.Debug|Any CPU.Build.0 = Debug|Any CPU
		{2DE0BF56-0736-48FD-94D2-893FD2183F81}.Release|Any CPU.ActiveCfg = Release|Any CPU
		{2DE0BF56-0736-48FD-94D2-893FD2183F81}.Release|Any CPU.Build.0 = Release|Any CPU
		{F1EF77A8-4F0F-4BD8-AD7B-634D80EDDDDA}.Debug|Any CPU.ActiveCfg = Debug|Any CPU
		{F1EF77A8-4F0F-4BD8-AD7B-634D80EDDDDA}.Debug|Any CPU.Build.0 = Debug|Any CPU
		{F1EF77A8-4F0F-4BD8-AD7B-634D80EDDDDA}.Release|Any CPU.ActiveCfg = Release|Any CPU
		{F1EF77A8-4F0F-4BD8-AD7B-634D80EDDDDA}.Release|Any CPU.Build.0 = Release|Any CPU
	EndGlobalSection
	GlobalSection(SolutionProperties) = preSolution
		HideSolutionNode = FALSE
	EndGlobalSection
EndGlobal
